
Microsoft Visual Studio Solution File, Format Version 12.00
# Visual Studio Version 17
VisualStudioVersion = 17.8.34525.116
MinimumVisualStudioVersion = 10.0.40219.1
Project("{2150E333-8FDC-42A3-9474-1A3956D46DE8}") = "Core", "Core", "{619BE00C-8B89-4BF1-9F61-5CC36DBF6F82}"
EndProject
Project("{2150E333-8FDC-42A3-9474-1A3956D46DE8}") = "InfraStructure", "InfraStructure", "{D64A5768-E430-4651-B894-61411B07FC39}"
EndProject
Project("{9A19103F-16F7-4668-BE54-9A1E7A4F7556}") = "Contract", "Contract\Contract.csproj", "{6BBE58B2-3FBB-4784-9EAC-E51EBC253A9B}"
EndProject
Project("{9A19103F-16F7-4668-BE54-9A1E7A4F7556}") = "Domain", "Domain\Domain.csproj", "{DB0E6BA7-4008-4662-8375-FBAFB6D09A89}"
EndProject
Project("{9A19103F-16F7-4668-BE54-9A1E7A4F7556}") = "Services", "Services\Services.csproj", "{F16F9209-2BFA-4CB8-8BFF-00405EF9D8C2}"
EndProject
Project("{9A19103F-16F7-4668-BE54-9A1E7A4F7556}") = "Services.Abstraction", "Services.Abstraction\Services.Abstraction.csproj", "{45ACC656-C9D1-4EF2-AD03-877106FAC51D}"
EndProject
Project("{9A19103F-16F7-4668-BE54-9A1E7A4F7556}") = "Persistence", "Persistence\Persistence.csproj", "{932AB445-3E66-4B35-8352-88149A56F836}"
EndProject
Project("{9A19103F-16F7-4668-BE54-9A1E7A4F7556}") = "API", "API\API.csproj", "{B646CC27-E99B-4D81-B958-07DCD5FBD069}"
EndProject
Project("{2150E333-8FDC-42A3-9474-1A3956D46DE8}") = "Presentation", "Presentation", "{81F87349-8933-458A-AF51-B479A83A6C53}"
EndProject
Global
	GlobalSection(SolutionConfigurationPlatforms) = preSolution
		Debug|Any CPU = Debug|Any CPU
		Release|Any CPU = Release|Any CPU
	EndGlobalSection
	GlobalSection(ProjectConfigurationPlatforms) = postSolution
		{6BBE58B2-3FBB-4784-9EAC-E51EBC253A9B}.Debug|Any CPU.ActiveCfg = Debug|Any CPU
		{6BBE58B2-3FBB-4784-9EAC-E51EBC253A9B}.Debug|Any CPU.Build.0 = Debug|Any CPU
		{6BBE58B2-3FBB-4784-9EAC-E51EBC253A9B}.Release|Any CPU.ActiveCfg = Release|Any CPU
		{6BBE58B2-3FBB-4784-9EAC-E51EBC253A9B}.Release|Any CPU.Build.0 = Release|Any CPU
		{DB0E6BA7-4008-4662-8375-FBAFB6D09A89}.Debug|Any CPU.ActiveCfg = Debug|Any CPU
		{DB0E6BA7-4008-4662-8375-FBAFB6D09A89}.Debug|Any CPU.Build.0 = Debug|Any CPU
		{DB0E6BA7-4008-4662-8375-FBAFB6D09A89}.Release|Any CPU.ActiveCfg = Release|Any CPU
		{DB0E6BA7-4008-4662-8375-FBAFB6D09A89}.Release|Any CPU.Build.0 = Release|Any CPU
		{F16F9209-2BFA-4CB8-8BFF-00405EF9D8C2}.Debug|Any CPU.ActiveCfg = Debug|Any CPU
		{F16F9209-2BFA-4CB8-8BFF-00405EF9D8C2}.Debug|Any CPU.Build.0 = Debug|Any CPU
		{F16F9209-2BFA-4CB8-8BFF-00405EF9D8C2}.Release|Any CPU.ActiveCfg = Release|Any CPU
		{F16F9209-2BFA-4CB8-8BFF-00405EF9D8C2}.Release|Any CPU.Build.0 = Release|Any CPU
		{45ACC656-C9D1-4EF2-AD03-877106FAC51D}.Debug|Any CPU.ActiveCfg = Debug|Any CPU
		{45ACC656-C9D1-4EF2-AD03-877106FAC51D}.Debug|Any CPU.Build.0 = Debug|Any CPU
		{45ACC656-C9D1-4EF2-AD03-877106FAC51D}.Release|Any CPU.ActiveCfg = Release|Any CPU
		{45ACC656-C9D1-4EF2-AD03-877106FAC51D}.Release|Any CPU.Build.0 = Release|Any CPU
		{932AB445-3E66-4B35-8352-88149A56F836}.Debug|Any CPU.ActiveCfg = Debug|Any CPU
		{932AB445-3E66-4B35-8352-88149A56F836}.Debug|Any CPU.Build.0 = Debug|Any CPU
		{932AB445-3E66-4B35-8352-88149A56F836}.Release|Any CPU.ActiveCfg = Release|Any CPU
		{932AB445-3E66-4B35-8352-88149A56F836}.Release|Any CPU.Build.0 = Release|Any CPU
		{B646CC27-E99B-4D81-B958-07DCD5FBD069}.Debug|Any CPU.ActiveCfg = Debug|Any CPU
		{B646CC27-E99B-4D81-B958-07DCD5FBD069}.Debug|Any CPU.Build.0 = Debug|Any CPU
		{B646CC27-E99B-4D81-B958-07DCD5FBD069}.Release|Any CPU.ActiveCfg = Release|Any CPU
		{B646CC27-E99B-4D81-B958-07DCD5FBD069}.Release|Any CPU.Build.0 = Release|Any CPU
	EndGlobalSection
	GlobalSection(SolutionProperties) = preSolution
		HideSolutionNode = FALSE
	EndGlobalSection
	GlobalSection(NestedProjects) = preSolution
		{6BBE58B2-3FBB-4784-9EAC-E51EBC253A9B} = {619BE00C-8B89-4BF1-9F61-5CC36DBF6F82}
		{DB0E6BA7-4008-4662-8375-FBAFB6D09A89} = {619BE00C-8B89-4BF1-9F61-5CC36DBF6F82}
		{F16F9209-2BFA-4CB8-8BFF-00405EF9D8C2} = {619BE00C-8B89-4BF1-9F61-5CC36DBF6F82}
		{45ACC656-C9D1-4EF2-AD03-877106FAC51D} = {619BE00C-8B89-4BF1-9F61-5CC36DBF6F82}
		{932AB445-3E66-4B35-8352-88149A56F836} = {D64A5768-E430-4651-B894-61411B07FC39}
		{B646CC27-E99B-4D81-B958-07DCD5FBD069} = {81F87349-8933-458A-AF51-B479A83A6C53}
	EndGlobalSection
	GlobalSection(ExtensibilityGlobals) = postSolution
		SolutionGuid = {B35713B7-E3B0-46A8-9196-5DF6FB28C293}
	EndGlobalSection
EndGlobal
