
Microsoft Visual Studio Solution File, Format Version 12.00
# Visual Studio Version 17
VisualStudioVersion = 17.8.34525.116
MinimumVisualStudioVersion = 10.0.40219.1
Project("{9A19103F-16F7-4668-BE54-9A1E7A4F7556}") = "Custeomer.API", "Custeomer.API\Custeomer.API.csproj", "{AF19D245-57E5-40BA-A6F0-32E8C0D95938}"
EndProject
Project("{9A19103F-16F7-4668-BE54-9A1E7A4F7556}") = "Customer.Services.Abst", "Customer.Services.Abst\Customer.Services.Abst.csproj", "{14AC338B-D793-4B3E-ADDE-CF58C533AF6A}"
EndProject
Project("{9A19103F-16F7-4668-BE54-9A1E7A4F7556}") = "Customer.Services", "Customer.Services\Customer.Services.csproj", "{1E99FDB4-E332-4C15-93F1-9591B47C1116}"
EndProject
Project("{9A19103F-16F7-4668-BE54-9A1E7A4F7556}") = "Customer.Presentation", "Customer.Presentation\Customer.Presentation.csproj", "{9BD77AB0-667A-420A-957D-A5513F77A19A}"
EndProject
Project("{9A19103F-16F7-4668-BE54-9A1E7A4F7556}") = "Customer.Persistence", "Customer.Persistence\Customer.Persistence.csproj", "{2E1A4F32-249C-4045-BB6C-F5177966CCD2}"
EndProject
Project("{9A19103F-16F7-4668-BE54-9A1E7A4F7556}") = "Customer.Domain", "Customer.Domain\Customer.Domain.csproj", "{BAF521D4-8822-49E9-9974-6125D1240A0F}"
EndProject
Project("{9A19103F-16F7-4668-BE54-9A1E7A4F7556}") = "Customer.Contract", "Customer.Contract\Customer.Contract.csproj", "{43BAB997-529D-4B53-BAB7-C7FAE8679C60}"
EndProject
Project("{2150E333-8FDC-42A3-9474-1A3956D46DE8}") = "Micro-Services", "Micro-Services", "{3179022D-8651-4B22-AAC9-F0FE549624F5}"
EndProject
Project("{2150E333-8FDC-42A3-9474-1A3956D46DE8}") = "Customer.MicroService", "Customer.MicroService", "{6C094853-CDEF-45D8-BEF6-72A51428215F}"
EndProject
Project("{2150E333-8FDC-42A3-9474-1A3956D46DE8}") = "Core", "Core", "{619BE00C-8B89-4BF1-9F61-5CC36DBF6F82}"
EndProject
Project("{2150E333-8FDC-42A3-9474-1A3956D46DE8}") = "InfraStructure", "InfraStructure", "{D64A5768-E430-4651-B894-61411B07FC39}"
EndProject
Global
	GlobalSection(SolutionConfigurationPlatforms) = preSolution
		Debug|Any CPU = Debug|Any CPU
		Release|Any CPU = Release|Any CPU
	EndGlobalSection
	GlobalSection(ProjectConfigurationPlatforms) = postSolution
		{AF19D245-57E5-40BA-A6F0-32E8C0D95938}.Debug|Any CPU.ActiveCfg = Debug|Any CPU
		{AF19D245-57E5-40BA-A6F0-32E8C0D95938}.Debug|Any CPU.Build.0 = Debug|Any CPU
		{AF19D245-57E5-40BA-A6F0-32E8C0D95938}.Release|Any CPU.ActiveCfg = Release|Any CPU
		{AF19D245-57E5-40BA-A6F0-32E8C0D95938}.Release|Any CPU.Build.0 = Release|Any CPU
		{14AC338B-D793-4B3E-ADDE-CF58C533AF6A}.Debug|Any CPU.ActiveCfg = Debug|Any CPU
		{14AC338B-D793-4B3E-ADDE-CF58C533AF6A}.Debug|Any CPU.Build.0 = Debug|Any CPU
		{14AC338B-D793-4B3E-ADDE-CF58C533AF6A}.Release|Any CPU.ActiveCfg = Release|Any CPU
		{14AC338B-D793-4B3E-ADDE-CF58C533AF6A}.Release|Any CPU.Build.0 = Release|Any CPU
		{1E99FDB4-E332-4C15-93F1-9591B47C1116}.Debug|Any CPU.ActiveCfg = Debug|Any CPU
		{1E99FDB4-E332-4C15-93F1-9591B47C1116}.Debug|Any CPU.Build.0 = Debug|Any CPU
		{1E99FDB4-E332-4C15-93F1-9591B47C1116}.Release|Any CPU.ActiveCfg = Release|Any CPU
		{1E99FDB4-E332-4C15-93F1-9591B47C1116}.Release|Any CPU.Build.0 = Release|Any CPU
		{9BD77AB0-667A-420A-957D-A5513F77A19A}.Debug|Any CPU.ActiveCfg = Debug|Any CPU
		{9BD77AB0-667A-420A-957D-A5513F77A19A}.Debug|Any CPU.Build.0 = Debug|Any CPU
		{9BD77AB0-667A-420A-957D-A5513F77A19A}.Release|Any CPU.ActiveCfg = Release|Any CPU
		{9BD77AB0-667A-420A-957D-A5513F77A19A}.Release|Any CPU.Build.0 = Release|Any CPU
		{2E1A4F32-249C-4045-BB6C-F5177966CCD2}.Debug|Any CPU.ActiveCfg = Debug|Any CPU
		{2E1A4F32-249C-4045-BB6C-F5177966CCD2}.Debug|Any CPU.Build.0 = Debug|Any CPU
		{2E1A4F32-249C-4045-BB6C-F5177966CCD2}.Release|Any CPU.ActiveCfg = Release|Any CPU
		{2E1A4F32-249C-4045-BB6C-F5177966CCD2}.Release|Any CPU.Build.0 = Release|Any CPU
		{BAF521D4-8822-49E9-9974-6125D1240A0F}.Debug|Any CPU.ActiveCfg = Debug|Any CPU
		{BAF521D4-8822-49E9-9974-6125D1240A0F}.Debug|Any CPU.Build.0 = Debug|Any CPU
		{BAF521D4-8822-49E9-9974-6125D1240A0F}.Release|Any CPU.ActiveCfg = Release|Any CPU
		{BAF521D4-8822-49E9-9974-6125D1240A0F}.Release|Any CPU.Build.0 = Release|Any CPU
		{43BAB997-529D-4B53-BAB7-C7FAE8679C60}.Debug|Any CPU.ActiveCfg = Debug|Any CPU
		{43BAB997-529D-4B53-BAB7-C7FAE8679C60}.Debug|Any CPU.Build.0 = Debug|Any CPU
		{43BAB997-529D-4B53-BAB7-C7FAE8679C60}.Release|Any CPU.ActiveCfg = Release|Any CPU
		{43BAB997-529D-4B53-BAB7-C7FAE8679C60}.Release|Any CPU.Build.0 = Release|Any CPU
	EndGlobalSection
	GlobalSection(SolutionProperties) = preSolution
		HideSolutionNode = FALSE
	EndGlobalSection
	GlobalSection(NestedProjects) = preSolution
		{AF19D245-57E5-40BA-A6F0-32E8C0D95938} = {6C094853-CDEF-45D8-BEF6-72A51428215F}
		{14AC338B-D793-4B3E-ADDE-CF58C533AF6A} = {619BE00C-8B89-4BF1-9F61-5CC36DBF6F82}
		{1E99FDB4-E332-4C15-93F1-9591B47C1116} = {619BE00C-8B89-4BF1-9F61-5CC36DBF6F82}
		{9BD77AB0-667A-420A-957D-A5513F77A19A} = {D64A5768-E430-4651-B894-61411B07FC39}
		{2E1A4F32-249C-4045-BB6C-F5177966CCD2} = {D64A5768-E430-4651-B894-61411B07FC39}
		{BAF521D4-8822-49E9-9974-6125D1240A0F} = {619BE00C-8B89-4BF1-9F61-5CC36DBF6F82}
		{43BAB997-529D-4B53-BAB7-C7FAE8679C60} = {619BE00C-8B89-4BF1-9F61-5CC36DBF6F82}
		{6C094853-CDEF-45D8-BEF6-72A51428215F} = {3179022D-8651-4B22-AAC9-F0FE549624F5}
		{619BE00C-8B89-4BF1-9F61-5CC36DBF6F82} = {6C094853-CDEF-45D8-BEF6-72A51428215F}
		{D64A5768-E430-4651-B894-61411B07FC39} = {6C094853-CDEF-45D8-BEF6-72A51428215F}
	EndGlobalSection
	GlobalSection(ExtensibilityGlobals) = postSolution
		SolutionGuid = {B35713B7-E3B0-46A8-9196-5DF6FB28C293}
	EndGlobalSection
EndGlobal
