
Microsoft Visual Studio Solution File, Format Version 12.00
# Visual Studio Version 17
VisualStudioVersion = 17.8.34309.116
MinimumVisualStudioVersion = 10.0.40219.1
Project("{FAE04EC0-301F-11D3-BF4B-00C04F79EFBC}") = "WinFormsApp1", "WinFormsApp1\WinFormsApp1.csproj", "{1F6E38BF-9EE4-4AA4-AEEF-E1C41AF4322A}"
EndProject
Global
	GlobalSection(SolutionConfigurationPlatforms) = preSolution
		Debug|Any CPU = Debug|Any CPU
		Release|Any CPU = Release|Any CPU
	EndGlobalSection
	GlobalSection(ProjectConfigurationPlatforms) = postSolution
		{1F6E38BF-9EE4-4AA4-AEEF-E1C41AF4322A}.Debug|Any CPU.ActiveCfg = Debug|Any CPU
		{1F6E38BF-9EE4-4AA4-AEEF-E1C41AF4322A}.Debug|Any CPU.Build.0 = Debug|Any CPU
		{1F6E38BF-9EE4-4AA4-AEEF-E1C41AF4322A}.Release|Any CPU.ActiveCfg = Release|Any CPU
		{1F6E38BF-9EE4-4AA4-AEEF-E1C41AF4322A}.Release|Any CPU.Build.0 = Release|Any CPU
	EndGlobalSection
	GlobalSection(SolutionProperties) = preSolution
		HideSolutionNode = FALSE
	EndGlobalSection
	GlobalSection(ExtensibilityGlobals) = postSolution
		SolutionGuid = {D9D7F601-D3D3-4C21-94BA-161EF94940E0}
	EndGlobalSection
EndGlobal
